
Microsoft Visual Studio Solution File, Format Version 12.00
# Visual Studio Version 16
VisualStudioVersion = 16.0.30717.126
MinimumVisualStudioVersion = 10.0.40219.1
Project("{FAE04EC0-301F-11D3-BF4B-00C04F79EFBC}") = "WindowsSpecific", "WindowsSpecific\WindowsSpecific.csproj", "{132B6A0B-2109-45A1-A720-14790F13EB20}"
EndProject
Global
	GlobalSection(SolutionConfigurationPlatforms) = preSolution
		Debug|Any CPU = Debug|Any CPU
		Release|Any CPU = Release|Any CPU
	EndGlobalSection
	GlobalSection(ProjectConfigurationPlatforms) = postSolution
		{132B6A0B-2109-45A1-A720-14790F13EB20}.Debug|Any CPU.ActiveCfg = Debug|Any CPU
		{132B6A0B-2109-45A1-A720-14790F13EB20}.Debug|Any CPU.Build.0 = Debug|Any CPU
		{132B6A0B-2109-45A1-A720-14790F13EB20}.Release|Any CPU.ActiveCfg = Release|Any CPU
		{132B6A0B-2109-45A1-A720-14790F13EB20}.Release|Any CPU.Build.0 = Release|Any CPU
	EndGlobalSection
	GlobalSection(SolutionProperties) = preSolution
		HideSolutionNode = FALSE
	EndGlobalSection
	GlobalSection(ExtensibilityGlobals) = postSolution
		SolutionGuid = {43435A7E-BAA7-463C-84D6-9AD0252715BA}
	EndGlobalSection
EndGlobal
